// !$*UTF8*$!
{
	archiveVersion = 1;
	classes = {
	};
	objectVersion = 50;
	objects = {

/* Begin PBXBuildFile section */
		6EE19C7A21A6E69A00AC99DA /* AppDelegate.swift in Sources */ = {isa = PBXBuildFile; fileRef = 6EE19C7921A6E69A00AC99DA /* AppDelegate.swift */; };
		6EE19C7C21A6E69A00AC99DA /* ViewController.swift in Sources */ = {isa = PBXBuildFile; fileRef = 6EE19C7B21A6E69A00AC99DA /* ViewController.swift */; };
		6EE19C7F21A6E69A00AC99DA /* Main.storyboard in Resources */ = {isa = PBXBuildFile; fileRef = 6EE19C7D21A6E69A00AC99DA /* Main.storyboard */; };
		6EE19C8121A6E69B00AC99DA /* Assets.xcassets in Resources */ = {isa = PBXBuildFile; fileRef = 6EE19C8021A6E69B00AC99DA /* Assets.xcassets */; };
		6EE19C8421A6E69B00AC99DA /* LaunchScreen.storyboard in Resources */ = {isa = PBXBuildFile; fileRef = 6EE19C8221A6E69B00AC99DA /* LaunchScreen.storyboard */; };
		6EE19C8F21A6E69B00AC99DA /* prism_iosTests.swift in Sources */ = {isa = PBXBuildFile; fileRef = 6EE19C8E21A6E69B00AC99DA /* prism_iosTests.swift */; };
		6EE19C9A21A6E69B00AC99DA /* prism_iosUITests.swift in Sources */ = {isa = PBXBuildFile; fileRef = 6EE19C9921A6E69B00AC99DA /* prism_iosUITests.swift */; };
		BB44FA9621A6FDF2002B0FD3 /* CustomCell.swift in Sources */ = {isa = PBXBuildFile; fileRef = BB44FA9521A6FDF2002B0FD3 /* CustomCell.swift */; };
		6EE19CA821A6F7F400AC99DA /* AnswerViewController.swift in Sources */ = {isa = PBXBuildFile; fileRef = 6EE19CA721A6F7F400AC99DA /* AnswerViewController.swift */; };
/* End PBXBuildFile section */

/* Begin PBXContainerItemProxy section */
		6EE19C8B21A6E69B00AC99DA /* PBXContainerItemProxy */ = {
			isa = PBXContainerItemProxy;
			containerPortal = 6EE19C6E21A6E69A00AC99DA /* Project object */;
			proxyType = 1;
			remoteGlobalIDString = 6EE19C7521A6E69A00AC99DA;
			remoteInfo = "prism-ios";
		};
		6EE19C9621A6E69B00AC99DA /* PBXContainerItemProxy */ = {
			isa = PBXContainerItemProxy;
			containerPortal = 6EE19C6E21A6E69A00AC99DA /* Project object */;
			proxyType = 1;
			remoteGlobalIDString = 6EE19C7521A6E69A00AC99DA;
			remoteInfo = "prism-ios";
		};
/* End PBXContainerItemProxy section */

/* Begin PBXFileReference section */
		6EE19C7621A6E69A00AC99DA /* prism-ios.app */ = {isa = PBXFileReference; explicitFileType = wrapper.application; includeInIndex = 0; path = "prism-ios.app"; sourceTree = BUILT_PRODUCTS_DIR; };
		6EE19C7921A6E69A00AC99DA /* AppDelegate.swift */ = {isa = PBXFileReference; lastKnownFileType = sourcecode.swift; path = AppDelegate.swift; sourceTree = "<group>"; };
		6EE19C7B21A6E69A00AC99DA /* ViewController.swift */ = {isa = PBXFileReference; lastKnownFileType = sourcecode.swift; path = ViewController.swift; sourceTree = "<group>"; };
		6EE19C7E21A6E69A00AC99DA /* Base */ = {isa = PBXFileReference; lastKnownFileType = file.storyboard; name = Base; path = Base.lproj/Main.storyboard; sourceTree = "<group>"; };
		6EE19C8021A6E69B00AC99DA /* Assets.xcassets */ = {isa = PBXFileReference; lastKnownFileType = folder.assetcatalog; path = Assets.xcassets; sourceTree = "<group>"; };
		6EE19C8321A6E69B00AC99DA /* Base */ = {isa = PBXFileReference; lastKnownFileType = file.storyboard; name = Base; path = Base.lproj/LaunchScreen.storyboard; sourceTree = "<group>"; };
		6EE19C8521A6E69B00AC99DA /* Info.plist */ = {isa = PBXFileReference; lastKnownFileType = text.plist.xml; path = Info.plist; sourceTree = "<group>"; };
		6EE19C8A21A6E69B00AC99DA /* prism-iosTests.xctest */ = {isa = PBXFileReference; explicitFileType = wrapper.cfbundle; includeInIndex = 0; path = "prism-iosTests.xctest"; sourceTree = BUILT_PRODUCTS_DIR; };
		6EE19C8E21A6E69B00AC99DA /* prism_iosTests.swift */ = {isa = PBXFileReference; lastKnownFileType = sourcecode.swift; path = prism_iosTests.swift; sourceTree = "<group>"; };
		6EE19C9021A6E69B00AC99DA /* Info.plist */ = {isa = PBXFileReference; lastKnownFileType = text.plist.xml; path = Info.plist; sourceTree = "<group>"; };
		6EE19C9521A6E69B00AC99DA /* prism-iosUITests.xctest */ = {isa = PBXFileReference; explicitFileType = wrapper.cfbundle; includeInIndex = 0; path = "prism-iosUITests.xctest"; sourceTree = BUILT_PRODUCTS_DIR; };
		6EE19C9921A6E69B00AC99DA /* prism_iosUITests.swift */ = {isa = PBXFileReference; lastKnownFileType = sourcecode.swift; path = prism_iosUITests.swift; sourceTree = "<group>"; };
		6EE19C9B21A6E69B00AC99DA /* Info.plist */ = {isa = PBXFileReference; lastKnownFileType = text.plist.xml; path = Info.plist; sourceTree = "<group>"; };
		BB44FA9521A6FDF2002B0FD3 /* CustomCell.swift */ = {isa = PBXFileReference; lastKnownFileType = sourcecode.swift; path = CustomCell.swift; sourceTree = "<group>"; };
		6EE19CA721A6F7F400AC99DA /* AnswerViewController.swift */ = {isa = PBXFileReference; lastKnownFileType = sourcecode.swift; path = AnswerViewController.swift; sourceTree = "<group>"; };
/* End PBXFileReference section */

/* Begin PBXFrameworksBuildPhase section */
		6EE19C7321A6E69A00AC99DA /* Frameworks */ = {
			isa = PBXFrameworksBuildPhase;
			buildActionMask = 2147483647;
			files = (
			);
			runOnlyForDeploymentPostprocessing = 0;
		};
		6EE19C8721A6E69B00AC99DA /* Frameworks */ = {
			isa = PBXFrameworksBuildPhase;
			buildActionMask = 2147483647;
			files = (
			);
			runOnlyForDeploymentPostprocessing = 0;
		};
		6EE19C9221A6E69B00AC99DA /* Frameworks */ = {
			isa = PBXFrameworksBuildPhase;
			buildActionMask = 2147483647;
			files = (
			);
			runOnlyForDeploymentPostprocessing = 0;
		};
/* End PBXFrameworksBuildPhase section */

/* Begin PBXGroup section */
		6EE19C6D21A6E69A00AC99DA = {
			isa = PBXGroup;
			children = (
				6EE19C7821A6E69A00AC99DA /* prism-ios */,
				6EE19C8D21A6E69B00AC99DA /* prism-iosTests */,
				6EE19C9821A6E69B00AC99DA /* prism-iosUITests */,
				6EE19C7721A6E69A00AC99DA /* Products */,
			);
			sourceTree = "<group>";
		};
		6EE19C7721A6E69A00AC99DA /* Products */ = {
			isa = PBXGroup;
			children = (
				6EE19C7621A6E69A00AC99DA /* prism-ios.app */,
				6EE19C8A21A6E69B00AC99DA /* prism-iosTests.xctest */,
				6EE19C9521A6E69B00AC99DA /* prism-iosUITests.xctest */,
			);
			name = Products;
			sourceTree = "<group>";
		};
		6EE19C7821A6E69A00AC99DA /* prism-ios */ = {
			isa = PBXGroup;
			children = (
				6EE19C7921A6E69A00AC99DA /* AppDelegate.swift */,
				6EE19C7B21A6E69A00AC99DA /* ViewController.swift */,
				6EE19C7D21A6E69A00AC99DA /* Main.storyboard */,
				6EE19C8021A6E69B00AC99DA /* Assets.xcassets */,
				6EE19C8221A6E69B00AC99DA /* LaunchScreen.storyboard */,
				6EE19C8521A6E69B00AC99DA /* Info.plist */,
				BB44FA9521A6FDF2002B0FD3 /* CustomCell.swift */,
				6EE19CA721A6F7F400AC99DA /* AnswerViewController.swift */,
			);
			path = "prism-ios";
			sourceTree = "<group>";
		};
		6EE19C8D21A6E69B00AC99DA /* prism-iosTests */ = {
			isa = PBXGroup;
			children = (
				6EE19C8E21A6E69B00AC99DA /* prism_iosTests.swift */,
				6EE19C9021A6E69B00AC99DA /* Info.plist */,
			);
			path = "prism-iosTests";
			sourceTree = "<group>";
		};
		6EE19C9821A6E69B00AC99DA /* prism-iosUITests */ = {
			isa = PBXGroup;
			children = (
				6EE19C9921A6E69B00AC99DA /* prism_iosUITests.swift */,
				6EE19C9B21A6E69B00AC99DA /* Info.plist */,
			);
			path = "prism-iosUITests";
			sourceTree = "<group>";
		};
/* End PBXGroup section */

/* Begin PBXNativeTarget section */
		6EE19C7521A6E69A00AC99DA /* prism-ios */ = {
			isa = PBXNativeTarget;
			buildConfigurationList = 6EE19C9E21A6E69B00AC99DA /* Build configuration list for PBXNativeTarget "prism-ios" */;
			buildPhases = (
				6EE19C7221A6E69A00AC99DA /* Sources */,
				6EE19C7321A6E69A00AC99DA /* Frameworks */,
				6EE19C7421A6E69A00AC99DA /* Resources */,
			);
			buildRules = (
			);
			dependencies = (
			);
			name = "prism-ios";
			productName = "prism-ios";
			productReference = 6EE19C7621A6E69A00AC99DA /* prism-ios.app */;
			productType = "com.apple.product-type.application";
		};
		6EE19C8921A6E69B00AC99DA /* prism-iosTests */ = {
			isa = PBXNativeTarget;
			buildConfigurationList = 6EE19CA121A6E69B00AC99DA /* Build configuration list for PBXNativeTarget "prism-iosTests" */;
			buildPhases = (
				6EE19C8621A6E69B00AC99DA /* Sources */,
				6EE19C8721A6E69B00AC99DA /* Frameworks */,
				6EE19C8821A6E69B00AC99DA /* Resources */,
			);
			buildRules = (
			);
			dependencies = (
				6EE19C8C21A6E69B00AC99DA /* PBXTargetDependency */,
			);
			name = "prism-iosTests";
			productName = "prism-iosTests";
			productReference = 6EE19C8A21A6E69B00AC99DA /* prism-iosTests.xctest */;
			productType = "com.apple.product-type.bundle.unit-test";
		};
		6EE19C9421A6E69B00AC99DA /* prism-iosUITests */ = {
			isa = PBXNativeTarget;
			buildConfigurationList = 6EE19CA421A6E69B00AC99DA /* Build configuration list for PBXNativeTarget "prism-iosUITests" */;
			buildPhases = (
				6EE19C9121A6E69B00AC99DA /* Sources */,
				6EE19C9221A6E69B00AC99DA /* Frameworks */,
				6EE19C9321A6E69B00AC99DA /* Resources */,
			);
			buildRules = (
			);
			dependencies = (
				6EE19C9721A6E69B00AC99DA /* PBXTargetDependency */,
			);
			name = "prism-iosUITests";
			productName = "prism-iosUITests";
			productReference = 6EE19C9521A6E69B00AC99DA /* prism-iosUITests.xctest */;
			productType = "com.apple.product-type.bundle.ui-testing";
		};
/* End PBXNativeTarget section */

/* Begin PBXProject section */
		6EE19C6E21A6E69A00AC99DA /* Project object */ = {
			isa = PBXProject;
			attributes = {
				LastSwiftUpdateCheck = 1010;
				LastUpgradeCheck = 1010;
				ORGANIZATIONNAME = GooJinSun;
				TargetAttributes = {
					6EE19C7521A6E69A00AC99DA = {
						CreatedOnToolsVersion = 10.1;
					};
					6EE19C8921A6E69B00AC99DA = {
						CreatedOnToolsVersion = 10.1;
						TestTargetID = 6EE19C7521A6E69A00AC99DA;
					};
					6EE19C9421A6E69B00AC99DA = {
						CreatedOnToolsVersion = 10.1;
						TestTargetID = 6EE19C7521A6E69A00AC99DA;
					};
				};
			};
			buildConfigurationList = 6EE19C7121A6E69A00AC99DA /* Build configuration list for PBXProject "prism-ios" */;
			compatibilityVersion = "Xcode 9.3";
			developmentRegion = en;
			hasScannedForEncodings = 0;
			knownRegions = (
				en,
				Base,
			);
			mainGroup = 6EE19C6D21A6E69A00AC99DA;
			productRefGroup = 6EE19C7721A6E69A00AC99DA /* Products */;
			projectDirPath = "";
			projectRoot = "";
			targets = (
				6EE19C7521A6E69A00AC99DA /* prism-ios */,
				6EE19C8921A6E69B00AC99DA /* prism-iosTests */,
				6EE19C9421A6E69B00AC99DA /* prism-iosUITests */,
			);
		};
/* End PBXProject section */

/* Begin PBXResourcesBuildPhase section */
		6EE19C7421A6E69A00AC99DA /* Resources */ = {
			isa = PBXResourcesBuildPhase;
			buildActionMask = 2147483647;
			files = (
				6EE19C8421A6E69B00AC99DA /* LaunchScreen.storyboard in Resources */,
				6EE19C8121A6E69B00AC99DA /* Assets.xcassets in Resources */,
				6EE19C7F21A6E69A00AC99DA /* Main.storyboard in Resources */,
			);
			runOnlyForDeploymentPostprocessing = 0;
		};
		6EE19C8821A6E69B00AC99DA /* Resources */ = {
			isa = PBXResourcesBuildPhase;
			buildActionMask = 2147483647;
			files = (
			);
			runOnlyForDeploymentPostprocessing = 0;
		};
		6EE19C9321A6E69B00AC99DA /* Resources */ = {
			isa = PBXResourcesBuildPhase;
			buildActionMask = 2147483647;
			files = (
			);
			runOnlyForDeploymentPostprocessing = 0;
		};
/* End PBXResourcesBuildPhase section */

/* Begin PBXSourcesBuildPhase section */
		6EE19C7221A6E69A00AC99DA /* Sources */ = {
			isa = PBXSourcesBuildPhase;
			buildActionMask = 2147483647;
			files = (
				6EE19CA821A6F7F400AC99DA /* AnswerViewController.swift in Sources */,
				6EE19C7C21A6E69A00AC99DA /* ViewController.swift in Sources */,
				BB44FA9621A6FDF2002B0FD3 /* CustomCell.swift in Sources */,
				6EE19C7A21A6E69A00AC99DA /* AppDelegate.swift in Sources */,
			);
			runOnlyForDeploymentPostprocessing = 0;
		};
		6EE19C8621A6E69B00AC99DA /* Sources */ = {
			isa = PBXSourcesBuildPhase;
			buildActionMask = 2147483647;
			files = (
				6EE19C8F21A6E69B00AC99DA /* prism_iosTests.swift in Sources */,
			);
			runOnlyForDeploymentPostprocessing = 0;
		};
		6EE19C9121A6E69B00AC99DA /* Sources */ = {
			isa = PBXSourcesBuildPhase;
			buildActionMask = 2147483647;
			files = (
				6EE19C9A21A6E69B00AC99DA /* prism_iosUITests.swift in Sources */,
			);
			runOnlyForDeploymentPostprocessing = 0;
		};
/* End PBXSourcesBuildPhase section */

/* Begin PBXTargetDependency section */
		6EE19C8C21A6E69B00AC99DA /* PBXTargetDependency */ = {
			isa = PBXTargetDependency;
			target = 6EE19C7521A6E69A00AC99DA /* prism-ios */;
			targetProxy = 6EE19C8B21A6E69B00AC99DA /* PBXContainerItemProxy */;
		};
		6EE19C9721A6E69B00AC99DA /* PBXTargetDependency */ = {
			isa = PBXTargetDependency;
			target = 6EE19C7521A6E69A00AC99DA /* prism-ios */;
			targetProxy = 6EE19C9621A6E69B00AC99DA /* PBXContainerItemProxy */;
		};
/* End PBXTargetDependency section */

/* Begin PBXVariantGroup section */
		6EE19C7D21A6E69A00AC99DA /* Main.storyboard */ = {
			isa = PBXVariantGroup;
			children = (
				6EE19C7E21A6E69A00AC99DA /* Base */,
			);
			name = Main.storyboard;
			sourceTree = "<group>";
		};
		6EE19C8221A6E69B00AC99DA /* LaunchScreen.storyboard */ = {
			isa = PBXVariantGroup;
			children = (
				6EE19C8321A6E69B00AC99DA /* Base */,
			);
			name = LaunchScreen.storyboard;
			sourceTree = "<group>";
		};
/* End PBXVariantGroup section */

/* Begin XCBuildConfiguration section */
		6EE19C9C21A6E69B00AC99DA /* Debug */ = {
			isa = XCBuildConfiguration;
			buildSettings = {
				ALWAYS_SEARCH_USER_PATHS = NO;
				CLANG_ANALYZER_NONNULL = YES;
				CLANG_ANALYZER_NUMBER_OBJECT_CONVERSION = YES_AGGRESSIVE;
				CLANG_CXX_LANGUAGE_STANDARD = "gnu++14";
				CLANG_CXX_LIBRARY = "libc++";
				CLANG_ENABLE_MODULES = YES;
				CLANG_ENABLE_OBJC_ARC = YES;
				CLANG_ENABLE_OBJC_WEAK = YES;
				CLANG_WARN_BLOCK_CAPTURE_AUTORELEASING = YES;
				CLANG_WARN_BOOL_CONVERSION = YES;
				CLANG_WARN_COMMA = YES;
				CLANG_WARN_CONSTANT_CONVERSION = YES;
				CLANG_WARN_DEPRECATED_OBJC_IMPLEMENTATIONS = YES;
				CLANG_WARN_DIRECT_OBJC_ISA_USAGE = YES_ERROR;
				CLANG_WARN_DOCUMENTATION_COMMENTS = YES;
				CLANG_WARN_EMPTY_BODY = YES;
				CLANG_WARN_ENUM_CONVERSION = YES;
				CLANG_WARN_INFINITE_RECURSION = YES;
				CLANG_WARN_INT_CONVERSION = YES;
				CLANG_WARN_NON_LITERAL_NULL_CONVERSION = YES;
				CLANG_WARN_OBJC_IMPLICIT_RETAIN_SELF = YES;
				CLANG_WARN_OBJC_LITERAL_CONVERSION = YES;
				CLANG_WARN_OBJC_ROOT_CLASS = YES_ERROR;
				CLANG_WARN_RANGE_LOOP_ANALYSIS = YES;
				CLANG_WARN_STRICT_PROTOTYPES = YES;
				CLANG_WARN_SUSPICIOUS_MOVE = YES;
				CLANG_WARN_UNGUARDED_AVAILABILITY = YES_AGGRESSIVE;
				CLANG_WARN_UNREACHABLE_CODE = YES;
				CLANG_WARN__DUPLICATE_METHOD_MATCH = YES;
				CODE_SIGN_IDENTITY = "iPhone Developer";
				COPY_PHASE_STRIP = NO;
				DEBUG_INFORMATION_FORMAT = dwarf;
				ENABLE_STRICT_OBJC_MSGSEND = YES;
				ENABLE_TESTABILITY = YES;
				GCC_C_LANGUAGE_STANDARD = gnu11;
				GCC_DYNAMIC_NO_PIC = NO;
				GCC_NO_COMMON_BLOCKS = YES;
				GCC_OPTIMIZATION_LEVEL = 0;
				GCC_PREPROCESSOR_DEFINITIONS = (
					"DEBUG=1",
					"$(inherited)",
				);
				GCC_WARN_64_TO_32_BIT_CONVERSION = YES;
				GCC_WARN_ABOUT_RETURN_TYPE = YES_ERROR;
				GCC_WARN_UNDECLARED_SELECTOR = YES;
				GCC_WARN_UNINITIALIZED_AUTOS = YES_AGGRESSIVE;
				GCC_WARN_UNUSED_FUNCTION = YES;
				GCC_WARN_UNUSED_VARIABLE = YES;
				IPHONEOS_DEPLOYMENT_TARGET = 12.1;
				MTL_ENABLE_DEBUG_INFO = INCLUDE_SOURCE;
				MTL_FAST_MATH = YES;
				ONLY_ACTIVE_ARCH = YES;
				SDKROOT = iphoneos;
				SWIFT_ACTIVE_COMPILATION_CONDITIONS = DEBUG;
				SWIFT_OPTIMIZATION_LEVEL = "-Onone";
			};
			name = Debug;
		};
		6EE19C9D21A6E69B00AC99DA /* Release */ = {
			isa = XCBuildConfiguration;
			buildSettings = {
				ALWAYS_SEARCH_USER_PATHS = NO;
				CLANG_ANALYZER_NONNULL = YES;
				CLANG_ANALYZER_NUMBER_OBJECT_CONVERSION = YES_AGGRESSIVE;
				CLANG_CXX_LANGUAGE_STANDARD = "gnu++14";
				CLANG_CXX_LIBRARY = "libc++";
				CLANG_ENABLE_MODULES = YES;
				CLANG_ENABLE_OBJC_ARC = YES;
				CLANG_ENABLE_OBJC_WEAK = YES;
				CLANG_WARN_BLOCK_CAPTURE_AUTORELEASING = YES;
				CLANG_WARN_BOOL_CONVERSION = YES;
				CLANG_WARN_COMMA = YES;
				CLANG_WARN_CONSTANT_CONVERSION = YES;
				CLANG_WARN_DEPRECATED_OBJC_IMPLEMENTATIONS = YES;
				CLANG_WARN_DIRECT_OBJC_ISA_USAGE = YES_ERROR;
				CLANG_WARN_DOCUMENTATION_COMMENTS = YES;
				CLANG_WARN_EMPTY_BODY = YES;
				CLANG_WARN_ENUM_CONVERSION = YES;
				CLANG_WARN_INFINITE_RECURSION = YES;
				CLANG_WARN_INT_CONVERSION = YES;
				CLANG_WARN_NON_LITERAL_NULL_CONVERSION = YES;
				CLANG_WARN_OBJC_IMPLICIT_RETAIN_SELF = YES;
				CLANG_WARN_OBJC_LITERAL_CONVERSION = YES;
				CLANG_WARN_OBJC_ROOT_CLASS = YES_ERROR;
				CLANG_WARN_RANGE_LOOP_ANALYSIS = YES;
				CLANG_WARN_STRICT_PROTOTYPES = YES;
				CLANG_WARN_SUSPICIOUS_MOVE = YES;
				CLANG_WARN_UNGUARDED_AVAILABILITY = YES_AGGRESSIVE;
				CLANG_WARN_UNREACHABLE_CODE = YES;
				CLANG_WARN__DUPLICATE_METHOD_MATCH = YES;
				CODE_SIGN_IDENTITY = "iPhone Developer";
				COPY_PHASE_STRIP = NO;
				DEBUG_INFORMATION_FORMAT = "dwarf-with-dsym";
				ENABLE_NS_ASSERTIONS = NO;
				ENABLE_STRICT_OBJC_MSGSEND = YES;
				GCC_C_LANGUAGE_STANDARD = gnu11;
				GCC_NO_COMMON_BLOCKS = YES;
				GCC_WARN_64_TO_32_BIT_CONVERSION = YES;
				GCC_WARN_ABOUT_RETURN_TYPE = YES_ERROR;
				GCC_WARN_UNDECLARED_SELECTOR = YES;
				GCC_WARN_UNINITIALIZED_AUTOS = YES_AGGRESSIVE;
				GCC_WARN_UNUSED_FUNCTION = YES;
				GCC_WARN_UNUSED_VARIABLE = YES;
				IPHONEOS_DEPLOYMENT_TARGET = 12.1;
				MTL_ENABLE_DEBUG_INFO = NO;
				MTL_FAST_MATH = YES;
				SDKROOT = iphoneos;
				SWIFT_COMPILATION_MODE = wholemodule;
				SWIFT_OPTIMIZATION_LEVEL = "-O";
				VALIDATE_PRODUCT = YES;
			};
			name = Release;
		};
		6EE19C9F21A6E69B00AC99DA /* Debug */ = {
			isa = XCBuildConfiguration;
			buildSettings = {
				ASSETCATALOG_COMPILER_APPICON_NAME = AppIcon;
				CODE_SIGN_STYLE = Automatic;
				INFOPLIST_FILE = "prism-ios/Info.plist";
				LD_RUNPATH_SEARCH_PATHS = (
					"$(inherited)",
					"@executable_path/Frameworks",
				);
				PRODUCT_BUNDLE_IDENTIFIER = "iOS-study.prism-ios";
				PRODUCT_NAME = "$(TARGET_NAME)";
				SWIFT_VERSION = 4.2;
				TARGETED_DEVICE_FAMILY = "1,2";
			};
			name = Debug;
		};
		6EE19CA021A6E69B00AC99DA /* Release */ = {
			isa = XCBuildConfiguration;
			buildSettings = {
				ASSETCATALOG_COMPILER_APPICON_NAME = AppIcon;
				CODE_SIGN_STYLE = Automatic;
				INFOPLIST_FILE = "prism-ios/Info.plist";
				LD_RUNPATH_SEARCH_PATHS = (
					"$(inherited)",
					"@executable_path/Frameworks",
				);
				PRODUCT_BUNDLE_IDENTIFIER = "iOS-study.prism-ios";
				PRODUCT_NAME = "$(TARGET_NAME)";
				SWIFT_VERSION = 4.2;
				TARGETED_DEVICE_FAMILY = "1,2";
			};
			name = Release;
		};
		6EE19CA221A6E69B00AC99DA /* Debug */ = {
			isa = XCBuildConfiguration;
			buildSettings = {
				ALWAYS_EMBED_SWIFT_STANDARD_LIBRARIES = YES;
				BUNDLE_LOADER = "$(TEST_HOST)";
				CODE_SIGN_STYLE = Automatic;
				INFOPLIST_FILE = "prism-iosTests/Info.plist";
				LD_RUNPATH_SEARCH_PATHS = (
					"$(inherited)",
					"@executable_path/Frameworks",
					"@loader_path/Frameworks",
				);
				PRODUCT_BUNDLE_IDENTIFIER = "iOS-study.prism-iosTests";
				PRODUCT_NAME = "$(TARGET_NAME)";
				SWIFT_VERSION = 4.2;
				TARGETED_DEVICE_FAMILY = "1,2";
				TEST_HOST = "$(BUILT_PRODUCTS_DIR)/prism-ios.app/prism-ios";
			};
			name = Debug;
		};
		6EE19CA321A6E69B00AC99DA /* Release */ = {
			isa = XCBuildConfiguration;
			buildSettings = {
				ALWAYS_EMBED_SWIFT_STANDARD_LIBRARIES = YES;
				BUNDLE_LOADER = "$(TEST_HOST)";
				CODE_SIGN_STYLE = Automatic;
				INFOPLIST_FILE = "prism-iosTests/Info.plist";
				LD_RUNPATH_SEARCH_PATHS = (
					"$(inherited)",
					"@executable_path/Frameworks",
					"@loader_path/Frameworks",
				);
				PRODUCT_BUNDLE_IDENTIFIER = "iOS-study.prism-iosTests";
				PRODUCT_NAME = "$(TARGET_NAME)";
				SWIFT_VERSION = 4.2;
				TARGETED_DEVICE_FAMILY = "1,2";
				TEST_HOST = "$(BUILT_PRODUCTS_DIR)/prism-ios.app/prism-ios";
			};
			name = Release;
		};
		6EE19CA521A6E69B00AC99DA /* Debug */ = {
			isa = XCBuildConfiguration;
			buildSettings = {
				ALWAYS_EMBED_SWIFT_STANDARD_LIBRARIES = YES;
				CODE_SIGN_STYLE = Automatic;
				INFOPLIST_FILE = "prism-iosUITests/Info.plist";
				LD_RUNPATH_SEARCH_PATHS = (
					"$(inherited)",
					"@executable_path/Frameworks",
					"@loader_path/Frameworks",
				);
				PRODUCT_BUNDLE_IDENTIFIER = "iOS-study.prism-iosUITests";
				PRODUCT_NAME = "$(TARGET_NAME)";
				SWIFT_VERSION = 4.2;
				TARGETED_DEVICE_FAMILY = "1,2";
				TEST_TARGET_NAME = "prism-ios";
			};
			name = Debug;
		};
		6EE19CA621A6E69B00AC99DA /* Release */ = {
			isa = XCBuildConfiguration;
			buildSettings = {
				ALWAYS_EMBED_SWIFT_STANDARD_LIBRARIES = YES;
				CODE_SIGN_STYLE = Automatic;
				INFOPLIST_FILE = "prism-iosUITests/Info.plist";
				LD_RUNPATH_SEARCH_PATHS = (
					"$(inherited)",
					"@executable_path/Frameworks",
					"@loader_path/Frameworks",
				);
				PRODUCT_BUNDLE_IDENTIFIER = "iOS-study.prism-iosUITests";
				PRODUCT_NAME = "$(TARGET_NAME)";
				SWIFT_VERSION = 4.2;
				TARGETED_DEVICE_FAMILY = "1,2";
				TEST_TARGET_NAME = "prism-ios";
			};
			name = Release;
		};
/* End XCBuildConfiguration section */

/* Begin XCConfigurationList section */
		6EE19C7121A6E69A00AC99DA /* Build configuration list for PBXProject "prism-ios" */ = {
			isa = XCConfigurationList;
			buildConfigurations = (
				6EE19C9C21A6E69B00AC99DA /* Debug */,
				6EE19C9D21A6E69B00AC99DA /* Release */,
			);
			defaultConfigurationIsVisible = 0;
			defaultConfigurationName = Release;
		};
		6EE19C9E21A6E69B00AC99DA /* Build configuration list for PBXNativeTarget "prism-ios" */ = {
			isa = XCConfigurationList;
			buildConfigurations = (
				6EE19C9F21A6E69B00AC99DA /* Debug */,
				6EE19CA021A6E69B00AC99DA /* Release */,
			);
			defaultConfigurationIsVisible = 0;
			defaultConfigurationName = Release;
		};
		6EE19CA121A6E69B00AC99DA /* Build configuration list for PBXNativeTarget "prism-iosTests" */ = {
			isa = XCConfigurationList;
			buildConfigurations = (
				6EE19CA221A6E69B00AC99DA /* Debug */,
				6EE19CA321A6E69B00AC99DA /* Release */,
			);
			defaultConfigurationIsVisible = 0;
			defaultConfigurationName = Release;
		};
		6EE19CA421A6E69B00AC99DA /* Build configuration list for PBXNativeTarget "prism-iosUITests" */ = {
			isa = XCConfigurationList;
			buildConfigurations = (
				6EE19CA521A6E69B00AC99DA /* Debug */,
				6EE19CA621A6E69B00AC99DA /* Release */,
			);
			defaultConfigurationIsVisible = 0;
			defaultConfigurationName = Release;
		};
/* End XCConfigurationList section */
	};
	rootObject = 6EE19C6E21A6E69A00AC99DA /* Project object */;
}
